
Microsoft Visual Studio Solution File, Format Version 12.00
# Visual Studio Version 17
VisualStudioVersion = 17.1.32407.343
MinimumVisualStudioVersion = 10.0.40219.1
Project("{FAE04EC0-301F-11D3-BF4B-00C04F79EFBC}") = "RegistroDeDatos", "RegistroDeDatos\RegistroDeDatos.csproj", "{7D643D1E-3FA3-4AB1-B4EA-8D0249C0EA42}"
EndProject
Global
	GlobalSection(SolutionConfigurationPlatforms) = preSolution
		Debug|Any CPU = Debug|Any CPU
		Release|Any CPU = Release|Any CPU
	EndGlobalSection
	GlobalSection(ProjectConfigurationPlatforms) = postSolution
		{7D643D1E-3FA3-4AB1-B4EA-8D0249C0EA42}.Debug|Any CPU.ActiveCfg = Debug|Any CPU
		{7D643D1E-3FA3-4AB1-B4EA-8D0249C0EA42}.Debug|Any CPU.Build.0 = Debug|Any CPU
		{7D643D1E-3FA3-4AB1-B4EA-8D0249C0EA42}.Release|Any CPU.ActiveCfg = Release|Any CPU
		{7D643D1E-3FA3-4AB1-B4EA-8D0249C0EA42}.Release|Any CPU.Build.0 = Release|Any CPU
	EndGlobalSection
	GlobalSection(SolutionProperties) = preSolution
		HideSolutionNode = FALSE
	EndGlobalSection
	GlobalSection(ExtensibilityGlobals) = postSolution
		SolutionGuid = {F7905310-F605-4848-A0C2-2695F909AE64}
	EndGlobalSection
EndGlobal
